// !$*UTF8*$!
{
	archiveVersion = 1;
	classes = {
	};
	objectVersion = 46;
	objects = {

/* Begin PBXBuildFile section */
		9C14D4D31CE4E0AE00DA0A5D /* satellite_dish.png in Resources */ = {isa = PBXBuildFile; fileRef = 9C14D4D21CE4E0AE00DA0A5D /* satellite_dish.png */; };
		9C483EB11CE955E800FF0E1A /* astronaut.png in Resources */ = {isa = PBXBuildFile; fileRef = 9C483EB01CE955E800FF0E1A /* astronaut.png */; };
		9C84D8C21CDB07A80072CF62 /* photo.png in Resources */ = {isa = PBXBuildFile; fileRef = 9C84D8C11CDB07A80072CF62 /* photo.png */; };
		9C84D8C41CDB098D0072CF62 /* PostImageViewController.swift in Sources */ = {isa = PBXBuildFile; fileRef = 9C84D8C31CDB098D0072CF62 /* PostImageViewController.swift */; };
		9CA69B111CE22CFB00B9629D /* cell.swift in Sources */ = {isa = PBXBuildFile; fileRef = 9CA69B101CE22CFB00B9629D /* cell.swift */; };
		9CA69B131CE22DE200B9629D /* FeedTableViewController.swift in Sources */ = {isa = PBXBuildFile; fileRef = 9CA69B121CE22DE200B9629D /* FeedTableViewController.swift */; };
		9CB1B6141CED8A7900A26B19 /* capsule_corp.png in Resources */ = {isa = PBXBuildFile; fileRef = 9CB1B6131CED8A7900A26B19 /* capsule_corp.png */; };
		9CB1B6161CED8B0500A26B19 /* telescope.png in Resources */ = {isa = PBXBuildFile; fileRef = 9CB1B6151CED8B0500A26B19 /* telescope.png */; };
		9CB8075E1CBFF2E800920939 /* TableViewController.swift in Sources */ = {isa = PBXBuildFile; fileRef = 9CB8075D1CBFF2E800920939 /* TableViewController.swift */; };
		9CCFEC251CBF5C9200A7352B /* AppDelegate.swift in Sources */ = {isa = PBXBuildFile; fileRef = 9CCFEC241CBF5C9200A7352B /* AppDelegate.swift */; };
		9CCFEC271CBF5C9200A7352B /* ViewController.swift in Sources */ = {isa = PBXBuildFile; fileRef = 9CCFEC261CBF5C9200A7352B /* ViewController.swift */; };
		9CCFEC2A1CBF5C9200A7352B /* Main.storyboard in Resources */ = {isa = PBXBuildFile; fileRef = 9CCFEC281CBF5C9200A7352B /* Main.storyboard */; };
		9CCFEC2C1CBF5C9200A7352B /* Assets.xcassets in Resources */ = {isa = PBXBuildFile; fileRef = 9CCFEC2B1CBF5C9200A7352B /* Assets.xcassets */; };
		9CCFEC2F1CBF5C9200A7352B /* LaunchScreen.storyboard in Resources */ = {isa = PBXBuildFile; fileRef = 9CCFEC2D1CBF5C9200A7352B /* LaunchScreen.storyboard */; };
		A020C19A0E9C59415ED9B6C0 /* Pods_InstagramAppClone.framework in Frameworks */ = {isa = PBXBuildFile; fileRef = B6D1FC586FB31E5884891BF0 /* Pods_InstagramAppClone.framework */; };
/* End PBXBuildFile section */

/* Begin PBXFileReference section */
		4F49BFBF69498E0D9F72BA11 /* Pods-InstagramAppClone.debug.xcconfig */ = {isa = PBXFileReference; includeInIndex = 1; lastKnownFileType = text.xcconfig; name = "Pods-InstagramAppClone.debug.xcconfig"; path = "Pods/Target Support Files/Pods-InstagramAppClone/Pods-InstagramAppClone.debug.xcconfig"; sourceTree = "<group>"; };
		9AA723410E5EC46FBCF282D0 /* Pods-InstagramAppClone.release.xcconfig */ = {isa = PBXFileReference; includeInIndex = 1; lastKnownFileType = text.xcconfig; name = "Pods-InstagramAppClone.release.xcconfig"; path = "Pods/Target Support Files/Pods-InstagramAppClone/Pods-InstagramAppClone.release.xcconfig"; sourceTree = "<group>"; };
		9C14D4D21CE4E0AE00DA0A5D /* satellite_dish.png */ = {isa = PBXFileReference; lastKnownFileType = image.png; path = satellite_dish.png; sourceTree = "<group>"; };
		9C483EB01CE955E800FF0E1A /* astronaut.png */ = {isa = PBXFileReference; lastKnownFileType = image.png; path = astronaut.png; sourceTree = "<group>"; };
		9C84D8C11CDB07A80072CF62 /* photo.png */ = {isa = PBXFileReference; lastKnownFileType = image.png; path = photo.png; sourceTree = "<group>"; };
		9C84D8C31CDB098D0072CF62 /* PostImageViewController.swift */ = {isa = PBXFileReference; fileEncoding = 4; lastKnownFileType = sourcecode.swift; path = PostImageViewController.swift; sourceTree = "<group>"; };
		9CA69B101CE22CFB00B9629D /* cell.swift */ = {isa = PBXFileReference; fileEncoding = 4; lastKnownFileType = sourcecode.swift; path = cell.swift; sourceTree = "<group>"; };
		9CA69B121CE22DE200B9629D /* FeedTableViewController.swift */ = {isa = PBXFileReference; fileEncoding = 4; lastKnownFileType = sourcecode.swift; path = FeedTableViewController.swift; sourceTree = "<group>"; };
		9CB1B6131CED8A7900A26B19 /* capsule_corp.png */ = {isa = PBXFileReference; lastKnownFileType = image.png; path = capsule_corp.png; sourceTree = "<group>"; };
		9CB1B6151CED8B0500A26B19 /* telescope.png */ = {isa = PBXFileReference; lastKnownFileType = image.png; path = telescope.png; sourceTree = "<group>"; };
		9CB8075D1CBFF2E800920939 /* TableViewController.swift */ = {isa = PBXFileReference; fileEncoding = 4; lastKnownFileType = sourcecode.swift; path = TableViewController.swift; sourceTree = "<group>"; };
		9CCFEC211CBF5C9200A7352B /* InstagramAppClone.app */ = {isa = PBXFileReference; explicitFileType = wrapper.application; includeInIndex = 0; path = InstagramAppClone.app; sourceTree = BUILT_PRODUCTS_DIR; };
		9CCFEC241CBF5C9200A7352B /* AppDelegate.swift */ = {isa = PBXFileReference; lastKnownFileType = sourcecode.swift; path = AppDelegate.swift; sourceTree = "<group>"; };
		9CCFEC261CBF5C9200A7352B /* ViewController.swift */ = {isa = PBXFileReference; lastKnownFileType = sourcecode.swift; path = ViewController.swift; sourceTree = "<group>"; };
		9CCFEC291CBF5C9200A7352B /* Base */ = {isa = PBXFileReference; lastKnownFileType = file.storyboard; name = Base; path = Base.lproj/Main.storyboard; sourceTree = "<group>"; };
		9CCFEC2B1CBF5C9200A7352B /* Assets.xcassets */ = {isa = PBXFileReference; lastKnownFileType = folder.assetcatalog; path = Assets.xcassets; sourceTree = "<group>"; };
		9CCFEC2E1CBF5C9200A7352B /* Base */ = {isa = PBXFileReference; lastKnownFileType = file.storyboard; name = Base; path = Base.lproj/LaunchScreen.storyboard; sourceTree = "<group>"; };
		9CCFEC301CBF5C9200A7352B /* Info.plist */ = {isa = PBXFileReference; lastKnownFileType = text.plist.xml; path = Info.plist; sourceTree = "<group>"; };
		B6D1FC586FB31E5884891BF0 /* Pods_InstagramAppClone.framework */ = {isa = PBXFileReference; explicitFileType = wrapper.framework; includeInIndex = 0; path = Pods_InstagramAppClone.framework; sourceTree = BUILT_PRODUCTS_DIR; };
/* End PBXFileReference section */

/* Begin PBXFrameworksBuildPhase section */
		9CCFEC1E1CBF5C9200A7352B /* Frameworks */ = {
			isa = PBXFrameworksBuildPhase;
			buildActionMask = 2147483647;
			files = (
				A020C19A0E9C59415ED9B6C0 /* Pods_InstagramAppClone.framework in Frameworks */,
			);
			runOnlyForDeploymentPostprocessing = 0;
		};
/* End PBXFrameworksBuildPhase section */

/* Begin PBXGroup section */
		9CCFEC181CBF5C9200A7352B = {
			isa = PBXGroup;
			children = (
				9CCFEC231CBF5C9200A7352B /* InstagramAppClone */,
				9CCFEC221CBF5C9200A7352B /* Products */,
				BC680EA491AEE4A158BD0480 /* Pods */,
				FCA7C0D3D472314BFD402D75 /* Frameworks */,
			);
			sourceTree = "<group>";
		};
		9CCFEC221CBF5C9200A7352B /* Products */ = {
			isa = PBXGroup;
			children = (
				9CCFEC211CBF5C9200A7352B /* InstagramAppClone.app */,
			);
			name = Products;
			sourceTree = "<group>";
		};
		9CCFEC231CBF5C9200A7352B /* InstagramAppClone */ = {
			isa = PBXGroup;
			children = (
				9CCFEC241CBF5C9200A7352B /* AppDelegate.swift */,
				9CCFEC261CBF5C9200A7352B /* ViewController.swift */,
				9C84D8C11CDB07A80072CF62 /* photo.png */,
				9C14D4D21CE4E0AE00DA0A5D /* satellite_dish.png */,
				9CB1B6131CED8A7900A26B19 /* capsule_corp.png */,
				9CB1B6151CED8B0500A26B19 /* telescope.png */,
				9C483EB01CE955E800FF0E1A /* astronaut.png */,
				9CB8075D1CBFF2E800920939 /* TableViewController.swift */,
				9CCFEC281CBF5C9200A7352B /* Main.storyboard */,
				9CA69B121CE22DE200B9629D /* FeedTableViewController.swift */,
				9CA69B101CE22CFB00B9629D /* cell.swift */,
				9C84D8C31CDB098D0072CF62 /* PostImageViewController.swift */,
				9CCFEC2B1CBF5C9200A7352B /* Assets.xcassets */,
				9CCFEC2D1CBF5C9200A7352B /* LaunchScreen.storyboard */,
				9CCFEC301CBF5C9200A7352B /* Info.plist */,
			);
			path = InstagramAppClone;
			sourceTree = "<group>";
		};
		BC680EA491AEE4A158BD0480 /* Pods */ = {
			isa = PBXGroup;
			children = (
				4F49BFBF69498E0D9F72BA11 /* Pods-InstagramAppClone.debug.xcconfig */,
				9AA723410E5EC46FBCF282D0 /* Pods-InstagramAppClone.release.xcconfig */,
			);
			name = Pods;
			sourceTree = "<group>";
		};
		FCA7C0D3D472314BFD402D75 /* Frameworks */ = {
			isa = PBXGroup;
			children = (
				B6D1FC586FB31E5884891BF0 /* Pods_InstagramAppClone.framework */,
			);
			name = Frameworks;
			sourceTree = "<group>";
		};
/* End PBXGroup section */

/* Begin PBXNativeTarget section */
		9CCFEC201CBF5C9200A7352B /* InstagramAppClone */ = {
			isa = PBXNativeTarget;
			buildConfigurationList = 9CCFEC331CBF5C9200A7352B /* Build configuration list for PBXNativeTarget "InstagramAppClone" */;
			buildPhases = (
				CE6C31458603CAE1B2CED44B /* Check Pods Manifest.lock */,
				9CCFEC1D1CBF5C9200A7352B /* Sources */,
				9CCFEC1E1CBF5C9200A7352B /* Frameworks */,
				9CCFEC1F1CBF5C9200A7352B /* Resources */,
				2590C34C90DDD5A1699F8DA4 /* Embed Pods Frameworks */,
				BF5099CD9F6FC5A0251ABC1F /* Copy Pods Resources */,
			);
			buildRules = (
			);
			dependencies = (
			);
			name = InstagramAppClone;
			productName = InstagramAppClone;
			productReference = 9CCFEC211CBF5C9200A7352B /* InstagramAppClone.app */;
			productType = "com.apple.product-type.application";
		};
/* End PBXNativeTarget section */

/* Begin PBXProject section */
		9CCFEC191CBF5C9200A7352B /* Project object */ = {
			isa = PBXProject;
			attributes = {
				LastSwiftUpdateCheck = 0730;
				LastUpgradeCheck = 0730;
				ORGANIZATIONNAME = "Sebastian Valdivia";
				TargetAttributes = {
					9CCFEC201CBF5C9200A7352B = {
						CreatedOnToolsVersion = 7.3;
					};
				};
			};
			buildConfigurationList = 9CCFEC1C1CBF5C9200A7352B /* Build configuration list for PBXProject "InstagramAppClone" */;
			compatibilityVersion = "Xcode 3.2";
			developmentRegion = English;
			hasScannedForEncodings = 0;
			knownRegions = (
				en,
				Base,
			);
			mainGroup = 9CCFEC181CBF5C9200A7352B;
			productRefGroup = 9CCFEC221CBF5C9200A7352B /* Products */;
			projectDirPath = "";
			projectRoot = "";
			targets = (
				9CCFEC201CBF5C9200A7352B /* InstagramAppClone */,
			);
		};
/* End PBXProject section */

/* Begin PBXResourcesBuildPhase section */
		9CCFEC1F1CBF5C9200A7352B /* Resources */ = {
			isa = PBXResourcesBuildPhase;
			buildActionMask = 2147483647;
			files = (
				9C14D4D31CE4E0AE00DA0A5D /* satellite_dish.png in Resources */,
				9CCFEC2F1CBF5C9200A7352B /* LaunchScreen.storyboard in Resources */,
				9CCFEC2C1CBF5C9200A7352B /* Assets.xcassets in Resources */,
				9C483EB11CE955E800FF0E1A /* astronaut.png in Resources */,
				9CB1B6161CED8B0500A26B19 /* telescope.png in Resources */,
				9CB1B6141CED8A7900A26B19 /* capsule_corp.png in Resources */,
				9C84D8C21CDB07A80072CF62 /* photo.png in Resources */,
				9CCFEC2A1CBF5C9200A7352B /* Main.storyboard in Resources */,
			);
			runOnlyForDeploymentPostprocessing = 0;
		};
/* End PBXResourcesBuildPhase section */

/* Begin PBXShellScriptBuildPhase section */
		2590C34C90DDD5A1699F8DA4 /* Embed Pods Frameworks */ = {
			isa = PBXShellScriptBuildPhase;
			buildActionMask = 2147483647;
			files = (
			);
			inputPaths = (
			);
			name = "Embed Pods Frameworks";
			outputPaths = (
			);
			runOnlyForDeploymentPostprocessing = 0;
			shellPath = /bin/sh;
			shellScript = "\"${SRCROOT}/Pods/Target Support Files/Pods-InstagramAppClone/Pods-InstagramAppClone-frameworks.sh\"\n";
			showEnvVarsInLog = 0;
		};
		BF5099CD9F6FC5A0251ABC1F /* Copy Pods Resources */ = {
			isa = PBXShellScriptBuildPhase;
			buildActionMask = 2147483647;
			files = (
			);
			inputPaths = (
			);
			name = "Copy Pods Resources";
			outputPaths = (
			);
			runOnlyForDeploymentPostprocessing = 0;
			shellPath = /bin/sh;
			shellScript = "\"${SRCROOT}/Pods/Target Support Files/Pods-InstagramAppClone/Pods-InstagramAppClone-resources.sh\"\n";
			showEnvVarsInLog = 0;
		};
		CE6C31458603CAE1B2CED44B /* Check Pods Manifest.lock */ = {
			isa = PBXShellScriptBuildPhase;
			buildActionMask = 2147483647;
			files = (
			);
			inputPaths = (
			);
			name = "Check Pods Manifest.lock";
			outputPaths = (
			);
			runOnlyForDeploymentPostprocessing = 0;
			shellPath = /bin/sh;
			shellScript = "diff \"${PODS_ROOT}/../Podfile.lock\" \"${PODS_ROOT}/Manifest.lock\" > /dev/null\nif [[ $? != 0 ]] ; then\n    cat << EOM\nerror: The sandbox is not in sync with the Podfile.lock. Run 'pod install' or update your CocoaPods installation.\nEOM\n    exit 1\nfi\n";
			showEnvVarsInLog = 0;
		};
/* End PBXShellScriptBuildPhase section */

/* Begin PBXSourcesBuildPhase section */
		9CCFEC1D1CBF5C9200A7352B /* Sources */ = {
			isa = PBXSourcesBuildPhase;
			buildActionMask = 2147483647;
			files = (
				9C84D8C41CDB098D0072CF62 /* PostImageViewController.swift in Sources */,
				9CA69B131CE22DE200B9629D /* FeedTableViewController.swift in Sources */,
				9CCFEC271CBF5C9200A7352B /* ViewController.swift in Sources */,
				9CB8075E1CBFF2E800920939 /* TableViewController.swift in Sources */,
				9CA69B111CE22CFB00B9629D /* cell.swift in Sources */,
				9CCFEC251CBF5C9200A7352B /* AppDelegate.swift in Sources */,
			);
			runOnlyForDeploymentPostprocessing = 0;
		};
/* End PBXSourcesBuildPhase section */

/* Begin PBXVariantGroup section */
		9CCFEC281CBF5C9200A7352B /* Main.storyboard */ = {
			isa = PBXVariantGroup;
			children = (
				9CCFEC291CBF5C9200A7352B /* Base */,
			);
			name = Main.storyboard;
			sourceTree = "<group>";
		};
		9CCFEC2D1CBF5C9200A7352B /* LaunchScreen.storyboard */ = {
			isa = PBXVariantGroup;
			children = (
				9CCFEC2E1CBF5C9200A7352B /* Base */,
			);
			name = LaunchScreen.storyboard;
			sourceTree = "<group>";
		};
/* End PBXVariantGroup section */

/* Begin XCBuildConfiguration section */
		9CCFEC311CBF5C9200A7352B /* Debug */ = {
			isa = XCBuildConfiguration;
			buildSettings = {
				ALWAYS_SEARCH_USER_PATHS = NO;
				CLANG_ANALYZER_NONNULL = YES;
				CLANG_CXX_LANGUAGE_STANDARD = "gnu++0x";
				CLANG_CXX_LIBRARY = "libc++";
				CLANG_ENABLE_MODULES = YES;
				CLANG_ENABLE_OBJC_ARC = YES;
				CLANG_WARN_BOOL_CONVERSION = YES;
				CLANG_WARN_CONSTANT_CONVERSION = YES;
				CLANG_WARN_DIRECT_OBJC_ISA_USAGE = YES_ERROR;
				CLANG_WARN_EMPTY_BODY = YES;
				CLANG_WARN_ENUM_CONVERSION = YES;
				CLANG_WARN_INT_CONVERSION = YES;
				CLANG_WARN_OBJC_ROOT_CLASS = YES_ERROR;
				CLANG_WARN_UNREACHABLE_CODE = YES;
				CLANG_WARN__DUPLICATE_METHOD_MATCH = YES;
				"CODE_SIGN_IDENTITY[sdk=iphoneos*]" = "iPhone Developer";
				COPY_PHASE_STRIP = NO;
				DEBUG_INFORMATION_FORMAT = dwarf;
				ENABLE_STRICT_OBJC_MSGSEND = YES;
				ENABLE_TESTABILITY = YES;
				GCC_C_LANGUAGE_STANDARD = gnu99;
				GCC_DYNAMIC_NO_PIC = NO;
				GCC_NO_COMMON_BLOCKS = YES;
				GCC_OPTIMIZATION_LEVEL = 0;
				GCC_PREPROCESSOR_DEFINITIONS = (
					"DEBUG=1",
					"$(inherited)",
				);
				GCC_WARN_64_TO_32_BIT_CONVERSION = YES;
				GCC_WARN_ABOUT_RETURN_TYPE = YES_ERROR;
				GCC_WARN_UNDECLARED_SELECTOR = YES;
				GCC_WARN_UNINITIALIZED_AUTOS = YES_AGGRESSIVE;
				GCC_WARN_UNUSED_FUNCTION = YES;
				GCC_WARN_UNUSED_VARIABLE = YES;
				IPHONEOS_DEPLOYMENT_TARGET = 9.3;
				MTL_ENABLE_DEBUG_INFO = YES;
				ONLY_ACTIVE_ARCH = YES;
				SDKROOT = iphoneos;
				SWIFT_OPTIMIZATION_LEVEL = "-Onone";
			};
			name = Debug;
		};
		9CCFEC321CBF5C9200A7352B /* Release */ = {
			isa = XCBuildConfiguration;
			buildSettings = {
				ALWAYS_SEARCH_USER_PATHS = NO;
				CLANG_ANALYZER_NONNULL = YES;
				CLANG_CXX_LANGUAGE_STANDARD = "gnu++0x";
				CLANG_CXX_LIBRARY = "libc++";
				CLANG_ENABLE_MODULES = YES;
				CLANG_ENABLE_OBJC_ARC = YES;
				CLANG_WARN_BOOL_CONVERSION = YES;
				CLANG_WARN_CONSTANT_CONVERSION = YES;
				CLANG_WARN_DIRECT_OBJC_ISA_USAGE = YES_ERROR;
				CLANG_WARN_EMPTY_BODY = YES;
				CLANG_WARN_ENUM_CONVERSION = YES;
				CLANG_WARN_INT_CONVERSION = YES;
				CLANG_WARN_OBJC_ROOT_CLASS = YES_ERROR;
				CLANG_WARN_UNREACHABLE_CODE = YES;
				CLANG_WARN__DUPLICATE_METHOD_MATCH = YES;
				"CODE_SIGN_IDENTITY[sdk=iphoneos*]" = "iPhone Developer";
				COPY_PHASE_STRIP = NO;
				DEBUG_INFORMATION_FORMAT = "dwarf-with-dsym";
				ENABLE_NS_ASSERTIONS = NO;
				ENABLE_STRICT_OBJC_MSGSEND = YES;
				GCC_C_LANGUAGE_STANDARD = gnu99;
				GCC_NO_COMMON_BLOCKS = YES;
				GCC_WARN_64_TO_32_BIT_CONVERSION = YES;
				GCC_WARN_ABOUT_RETURN_TYPE = YES_ERROR;
				GCC_WARN_UNDECLARED_SELECTOR = YES;
				GCC_WARN_UNINITIALIZED_AUTOS = YES_AGGRESSIVE;
				GCC_WARN_UNUSED_FUNCTION = YES;
				GCC_WARN_UNUSED_VARIABLE = YES;
				IPHONEOS_DEPLOYMENT_TARGET = 9.3;
				MTL_ENABLE_DEBUG_INFO = NO;
				SDKROOT = iphoneos;
				VALIDATE_PRODUCT = YES;
			};
			name = Release;
		};
		9CCFEC341CBF5C9200A7352B /* Debug */ = {
			isa = XCBuildConfiguration;
			baseConfigurationReference = 4F49BFBF69498E0D9F72BA11 /* Pods-InstagramAppClone.debug.xcconfig */;
			buildSettings = {
				ASSETCATALOG_COMPILER_APPICON_NAME = AppIcon;
				INFOPLIST_FILE = InstagramAppClone/Info.plist;
				LD_RUNPATH_SEARCH_PATHS = "$(inherited) @executable_path/Frameworks";
				PRODUCT_BUNDLE_IDENTIFIER = svs.InstagramAppClone;
				PRODUCT_NAME = "$(TARGET_NAME)";
			};
			name = Debug;
		};
		9CCFEC351CBF5C9200A7352B /* Release */ = {
			isa = XCBuildConfiguration;
			baseConfigurationReference = 9AA723410E5EC46FBCF282D0 /* Pods-InstagramAppClone.release.xcconfig */;
			buildSettings = {
				ASSETCATALOG_COMPILER_APPICON_NAME = AppIcon;
				INFOPLIST_FILE = InstagramAppClone/Info.plist;
				LD_RUNPATH_SEARCH_PATHS = "$(inherited) @executable_path/Frameworks";
				PRODUCT_BUNDLE_IDENTIFIER = svs.InstagramAppClone;
				PRODUCT_NAME = "$(TARGET_NAME)";
			};
			name = Release;
		};
/* End XCBuildConfiguration section */

/* Begin XCConfigurationList section */
		9CCFEC1C1CBF5C9200A7352B /* Build configuration list for PBXProject "InstagramAppClone" */ = {
			isa = XCConfigurationList;
			buildConfigurations = (
				9CCFEC311CBF5C9200A7352B /* Debug */,
				9CCFEC321CBF5C9200A7352B /* Release */,
			);
			defaultConfigurationIsVisible = 0;
			defaultConfigurationName = Release;
		};
		9CCFEC331CBF5C9200A7352B /* Build configuration list for PBXNativeTarget "InstagramAppClone" */ = {
			isa = XCConfigurationList;
			buildConfigurations = (
				9CCFEC341CBF5C9200A7352B /* Debug */,
				9CCFEC351CBF5C9200A7352B /* Release */,
			);
			defaultConfigurationIsVisible = 0;
			defaultConfigurationName = Release;
		};
/* End XCConfigurationList section */
	};
	rootObject = 9CCFEC191CBF5C9200A7352B /* Project object */;
}
